Microsoft Visual Studio Solution File, Format Version 10.00
# Visual Studio 2008

Project("{688937CC-AF2A-2B0C-45A1-C9BBBA09698D}") = "June", "Assembly-CSharp-vs.csproj", "{D5895996-BDA3-6104-ABBC-B6B4348C4023}"
EndProject
Global
	GlobalSection(SolutionConfigurationPlatforms) = preSolution
		Debug|Any CPU = Debug|Any CPU
		Release|Any CPU = Release|Any CPU
	EndGlobalSection
	GlobalSection(ProjectConfigurationPlatforms) = postSolution
		{D5895996-BDA3-6104-ABBC-B6B4348C4023}.Debug|Any CPU.ActiveCfg = Debug|Any CPU
		{D5895996-BDA3-6104-ABBC-B6B4348C4023}.Debug|Any CPU.Build.0 = Debug|Any CPU
		{D5895996-BDA3-6104-ABBC-B6B4348C4023}.Release|Any CPU.ActiveCfg = Release|Any CPU
		{D5895996-BDA3-6104-ABBC-B6B4348C4023}.Release|Any CPU.Build.0 = Release|Any CPU
	EndGlobalSection
	GlobalSection(SolutionProperties) = preSolution
		HideSolutionNode = FALSE
	EndGlobalSection
	
EndGlobal
